<?xml version="1.0" encoding="utf-8"?>
<Project ToolsVersion="17.0" xmlns="http://schemas.microsoft.com/developer/msbuild/2003">
  <ItemGroup>
    <ClCompile Include="C:\dev\java\tests\java-native-bench\native\src\main\native\main.cpp">
      <Filter>Source Files</Filter>
    </ClCompile>
  </ItemGroup>
  <ItemGroup>
    <CustomBuild Include="C:\dev\java\tests\java-native-bench\native\CMakeLists.txt" />
  </ItemGroup>
  <ItemGroup>
    <Filter Include="Source Files">
      <UniqueIdentifier>{4DCF2501-DB2B-3733-A0AB-EBF6DD6A686F}</UniqueIdentifier>
    </Filter>
  </ItemGroup>
</Project>
